
Microsoft Visual Studio Solution File, Format Version 12.00
# Visual Studio Version 17
VisualStudioVersion = 17.3.32929.385
MinimumVisualStudioVersion = 10.0.40219.1
Project("{FAE04EC0-301F-11D3-BF4B-00C04F79EFBC}") = "BlogApp.API", "BlogApp.API\BlogApp.API.csproj", "{095D836B-3605-47E7-8264-CB90CF340F07}"
EndProject
Project("{FAE04EC0-301F-11D3-BF4B-00C04F79EFBC}") = "BlogApp.Core", "BlogApp.Core\BlogApp.Core.csproj", "{235D344C-6185-4CC0-8ECF-B8BA82E0A15C}"
EndProject
Project("{FAE04EC0-301F-11D3-BF4B-00C04F79EFBC}") = "BlogApp.DAL", "BlogApp.DAL\BlogApp.DAL.csproj", "{CE28DCCA-69BE-4636-B638-6EF04FAC18E9}"
EndProject
Project("{FAE04EC0-301F-11D3-BF4B-00C04F79EFBC}") = "BlogApp.Business", "BlogApp.Business\BlogApp.Business.csproj", "{13A04972-EFFE-4ED0-9ECE-05D1FD3FFC9A}"
EndProject
Global
	GlobalSection(SolutionConfigurationPlatforms) = preSolution
		Debug|Any CPU = Debug|Any CPU
		Release|Any CPU = Release|Any CPU
	EndGlobalSection
	GlobalSection(ProjectConfigurationPlatforms) = postSolution
		{095D836B-3605-47E7-8264-CB90CF340F07}.Debug|Any CPU.ActiveCfg = Debug|Any CPU
		{095D836B-3605-47E7-8264-CB90CF340F07}.Debug|Any CPU.Build.0 = Debug|Any CPU
		{095D836B-3605-47E7-8264-CB90CF340F07}.Release|Any CPU.ActiveCfg = Release|Any CPU
		{095D836B-3605-47E7-8264-CB90CF340F07}.Release|Any CPU.Build.0 = Release|Any CPU
		{235D344C-6185-4CC0-8ECF-B8BA82E0A15C}.Debug|Any CPU.ActiveCfg = Debug|Any CPU
		{235D344C-6185-4CC0-8ECF-B8BA82E0A15C}.Debug|Any CPU.Build.0 = Debug|Any CPU
		{235D344C-6185-4CC0-8ECF-B8BA82E0A15C}.Release|Any CPU.ActiveCfg = Release|Any CPU
		{235D344C-6185-4CC0-8ECF-B8BA82E0A15C}.Release|Any CPU.Build.0 = Release|Any CPU
		{CE28DCCA-69BE-4636-B638-6EF04FAC18E9}.Debug|Any CPU.ActiveCfg = Debug|Any CPU
		{CE28DCCA-69BE-4636-B638-6EF04FAC18E9}.Debug|Any CPU.Build.0 = Debug|Any CPU
		{CE28DCCA-69BE-4636-B638-6EF04FAC18E9}.Release|Any CPU.ActiveCfg = Release|Any CPU
		{CE28DCCA-69BE-4636-B638-6EF04FAC18E9}.Release|Any CPU.Build.0 = Release|Any CPU
		{13A04972-EFFE-4ED0-9ECE-05D1FD3FFC9A}.Debug|Any CPU.ActiveCfg = Debug|Any CPU
		{13A04972-EFFE-4ED0-9ECE-05D1FD3FFC9A}.Debug|Any CPU.Build.0 = Debug|Any CPU
		{13A04972-EFFE-4ED0-9ECE-05D1FD3FFC9A}.Release|Any CPU.ActiveCfg = Release|Any CPU
		{13A04972-EFFE-4ED0-9ECE-05D1FD3FFC9A}.Release|Any CPU.Build.0 = Release|Any CPU
	EndGlobalSection
	GlobalSection(SolutionProperties) = preSolution
		HideSolutionNode = FALSE
	EndGlobalSection
	GlobalSection(ExtensibilityGlobals) = postSolution
		SolutionGuid = {D5F1AA8B-90A4-4E47-AFEE-743AE9C17CB7}
	EndGlobalSection
EndGlobal
